// !$*UTF8*$!
{
	archiveVersion = 1;
	classes = {
	};
	objectVersion = 50;
	objects = {

/* Begin PBXBuildFile section */
		BBB57336D98BF7AAF7CD15E0 /* Pods_HelloGold.framework in Frameworks */ = {isa = PBXBuildFile; fileRef = 94BD34209ED8FD62635256D0 /* Pods_HelloGold.framework */; };
		F44E484E22B0AF15007A591C /* AppDelegate.swift in Sources */ = {isa = PBXBuildFile; fileRef = F44E484D22B0AF15007A591C /* AppDelegate.swift */; };
		F44E485822B0AF16007A591C /* LaunchScreen.storyboard in Resources */ = {isa = PBXBuildFile; fileRef = F44E485622B0AF16007A591C /* LaunchScreen.storyboard */; };
		F44E486322B0B209007A591C /* LoginViewController.swift in Sources */ = {isa = PBXBuildFile; fileRef = F44E486122B0B209007A591C /* LoginViewController.swift */; };
		F44E486422B0B209007A591C /* LoginViewController.xib in Resources */ = {isa = PBXBuildFile; fileRef = F44E486222B0B209007A591C /* LoginViewController.xib */; };
		F44E486722B0CBFE007A591C /* HGValidationMessageLabel.swift in Sources */ = {isa = PBXBuildFile; fileRef = F44E486622B0CBFE007A591C /* HGValidationMessageLabel.swift */; };
		F44E486922B0DA6A007A591C /* Assets.xcassets in Resources */ = {isa = PBXBuildFile; fileRef = F44E486822B0DA6A007A591C /* Assets.xcassets */; };
		F44E486D22B0DBB9007A591C /* HGLoginTextField.swift in Sources */ = {isa = PBXBuildFile; fileRef = F44E486C22B0DBB9007A591C /* HGLoginTextField.swift */; };
		F44E487222B0E6CE007A591C /* HGErrorMessage.swift in Sources */ = {isa = PBXBuildFile; fileRef = F44E487122B0E6CE007A591C /* HGErrorMessage.swift */; };
		F44E487622B0E849007A591C /* HGValidator.swift in Sources */ = {isa = PBXBuildFile; fileRef = F44E487522B0E849007A591C /* HGValidator.swift */; };
		F44E487922B10256007A591C /* Podfile in Resources */ = {isa = PBXBuildFile; fileRef = F44E487822B10256007A591C /* Podfile */; };
/* End PBXBuildFile section */

/* Begin PBXFileReference section */
		35454777DDA64500E6257F79 /* Pods-HelloGold.debug.xcconfig */ = {isa = PBXFileReference; includeInIndex = 1; lastKnownFileType = text.xcconfig; name = "Pods-HelloGold.debug.xcconfig"; path = "Target Support Files/Pods-HelloGold/Pods-HelloGold.debug.xcconfig"; sourceTree = "<group>"; };
		94BD34209ED8FD62635256D0 /* Pods_HelloGold.framework */ = {isa = PBXFileReference; explicitFileType = wrapper.framework; includeInIndex = 0; path = Pods_HelloGold.framework; sourceTree = BUILT_PRODUCTS_DIR; };
		ECBE0E76181F860A31A4741F /* Pods-HelloGold.release.xcconfig */ = {isa = PBXFileReference; includeInIndex = 1; lastKnownFileType = text.xcconfig; name = "Pods-HelloGold.release.xcconfig"; path = "Target Support Files/Pods-HelloGold/Pods-HelloGold.release.xcconfig"; sourceTree = "<group>"; };
		F44E484A22B0AF15007A591C /* HelloGold.app */ = {isa = PBXFileReference; explicitFileType = wrapper.application; includeInIndex = 0; path = HelloGold.app; sourceTree = BUILT_PRODUCTS_DIR; };
		F44E484D22B0AF15007A591C /* AppDelegate.swift */ = {isa = PBXFileReference; lastKnownFileType = sourcecode.swift; path = AppDelegate.swift; sourceTree = "<group>"; };
		F44E485722B0AF16007A591C /* Base */ = {isa = PBXFileReference; lastKnownFileType = file.storyboard; name = Base; path = Base.lproj/LaunchScreen.storyboard; sourceTree = "<group>"; };
		F44E485922B0AF16007A591C /* Info.plist */ = {isa = PBXFileReference; lastKnownFileType = text.plist.xml; path = Info.plist; sourceTree = "<group>"; };
		F44E486122B0B209007A591C /* LoginViewController.swift */ = {isa = PBXFileReference; lastKnownFileType = sourcecode.swift; path = LoginViewController.swift; sourceTree = "<group>"; };
		F44E486222B0B209007A591C /* LoginViewController.xib */ = {isa = PBXFileReference; lastKnownFileType = file.xib; path = LoginViewController.xib; sourceTree = "<group>"; };
		F44E486622B0CBFE007A591C /* HGValidationMessageLabel.swift */ = {isa = PBXFileReference; lastKnownFileType = sourcecode.swift; path = HGValidationMessageLabel.swift; sourceTree = "<group>"; };
		F44E486822B0DA6A007A591C /* Assets.xcassets */ = {isa = PBXFileReference; lastKnownFileType = folder.assetcatalog; path = Assets.xcassets; sourceTree = "<group>"; };
		F44E486C22B0DBB9007A591C /* HGLoginTextField.swift */ = {isa = PBXFileReference; lastKnownFileType = sourcecode.swift; path = HGLoginTextField.swift; sourceTree = "<group>"; };
		F44E487122B0E6CE007A591C /* HGErrorMessage.swift */ = {isa = PBXFileReference; lastKnownFileType = sourcecode.swift; path = HGErrorMessage.swift; sourceTree = "<group>"; };
		F44E487522B0E849007A591C /* HGValidator.swift */ = {isa = PBXFileReference; lastKnownFileType = sourcecode.swift; path = HGValidator.swift; sourceTree = "<group>"; };
		F44E487822B10256007A591C /* Podfile */ = {isa = PBXFileReference; fileEncoding = 4; lastKnownFileType = text; path = Podfile; sourceTree = "<group>"; };
/* End PBXFileReference section */

/* Begin PBXFrameworksBuildPhase section */
		F44E484722B0AF15007A591C /* Frameworks */ = {
			isa = PBXFrameworksBuildPhase;
			buildActionMask = 2147483647;
			files = (
				BBB57336D98BF7AAF7CD15E0 /* Pods_HelloGold.framework in Frameworks */,
			);
			runOnlyForDeploymentPostprocessing = 0;
		};
/* End PBXFrameworksBuildPhase section */

/* Begin PBXGroup section */
		032AE53918D98CBA2582B26A /* Pods */ = {
			isa = PBXGroup;
			children = (
				35454777DDA64500E6257F79 /* Pods-HelloGold.debug.xcconfig */,
				ECBE0E76181F860A31A4741F /* Pods-HelloGold.release.xcconfig */,
			);
			name = Pods;
			path = Pods;
			sourceTree = "<group>";
		};
		40225743272F77883EB7D6AC /* Frameworks */ = {
			isa = PBXGroup;
			children = (
				94BD34209ED8FD62635256D0 /* Pods_HelloGold.framework */,
			);
			name = Frameworks;
			sourceTree = "<group>";
		};
		F44E484122B0AF15007A591C = {
			isa = PBXGroup;
			children = (
				F44E487822B10256007A591C /* Podfile */,
				F44E484C22B0AF15007A591C /* HelloGold */,
				F44E484B22B0AF15007A591C /* Products */,
				032AE53918D98CBA2582B26A /* Pods */,
				40225743272F77883EB7D6AC /* Frameworks */,
			);
			sourceTree = "<group>";
		};
		F44E484B22B0AF15007A591C /* Products */ = {
			isa = PBXGroup;
			children = (
				F44E484A22B0AF15007A591C /* HelloGold.app */,
			);
			name = Products;
			sourceTree = "<group>";
		};
		F44E484C22B0AF15007A591C /* HelloGold */ = {
			isa = PBXGroup;
			children = (
				F44E484D22B0AF15007A591C /* AppDelegate.swift */,
				F44E487722B0F50C007A591C /* ViewControllers */,
				F44E486E22B0E16E007A591C /* UIView */,
				F44E486522B0CBD2007A591C /* Class */,
				F44E485622B0AF16007A591C /* LaunchScreen.storyboard */,
				F44E485922B0AF16007A591C /* Info.plist */,
				F44E486822B0DA6A007A591C /* Assets.xcassets */,
			);
			path = HelloGold;
			sourceTree = "<group>";
		};
		F44E486522B0CBD2007A591C /* Class */ = {
			isa = PBXGroup;
			children = (
				F44E487122B0E6CE007A591C /* HGErrorMessage.swift */,
				F44E487522B0E849007A591C /* HGValidator.swift */,
				F44E486622B0CBFE007A591C /* HGValidationMessageLabel.swift */,
				F44E486C22B0DBB9007A591C /* HGLoginTextField.swift */,
			);
			path = Class;
			sourceTree = "<group>";
		};
		F44E486E22B0E16E007A591C /* UIView */ = {
			isa = PBXGroup;
			children = (
			);
			path = UIView;
			sourceTree = "<group>";
		};
		F44E487722B0F50C007A591C /* ViewControllers */ = {
			isa = PBXGroup;
			children = (
				F44E486122B0B209007A591C /* LoginViewController.swift */,
				F44E486222B0B209007A591C /* LoginViewController.xib */,
			);
			path = ViewControllers;
			sourceTree = "<group>";
		};
/* End PBXGroup section */

/* Begin PBXNativeTarget section */
		F44E484922B0AF15007A591C /* HelloGold */ = {
			isa = PBXNativeTarget;
			buildConfigurationList = F44E485C22B0AF16007A591C /* Build configuration list for PBXNativeTarget "HelloGold" */;
			buildPhases = (
				25BF8602AF7CEA5437815EF7 /* [CP] Check Pods Manifest.lock */,
				F44E484622B0AF15007A591C /* Sources */,
				F44E484722B0AF15007A591C /* Frameworks */,
				F44E484822B0AF15007A591C /* Resources */,
				452A1DD20978E065F8CA1EF0 /* [CP] Embed Pods Frameworks */,
			);
			buildRules = (
			);
			dependencies = (
			);
			name = HelloGold;
			productName = HelloGold;
			productReference = F44E484A22B0AF15007A591C /* HelloGold.app */;
			productType = "com.apple.product-type.application";
		};
/* End PBXNativeTarget section */

/* Begin PBXProject section */
		F44E484222B0AF15007A591C /* Project object */ = {
			isa = PBXProject;
			attributes = {
				LastSwiftUpdateCheck = 1020;
				LastUpgradeCheck = 1020;
				ORGANIZATIONNAME = "Lam Si Mon";
				TargetAttributes = {
					F44E484922B0AF15007A591C = {
						CreatedOnToolsVersion = 10.2.1;
					};
				};
			};
			buildConfigurationList = F44E484522B0AF15007A591C /* Build configuration list for PBXProject "HelloGold" */;
			compatibilityVersion = "Xcode 9.3";
			developmentRegion = en;
			hasScannedForEncodings = 0;
			knownRegions = (
				en,
				Base,
			);
			mainGroup = F44E484122B0AF15007A591C;
			productRefGroup = F44E484B22B0AF15007A591C /* Products */;
			projectDirPath = "";
			projectRoot = "";
			targets = (
				F44E484922B0AF15007A591C /* HelloGold */,
			);
		};
/* End PBXProject section */

/* Begin PBXResourcesBuildPhase section */
		F44E484822B0AF15007A591C /* Resources */ = {
			isa = PBXResourcesBuildPhase;
			buildActionMask = 2147483647;
			files = (
				F44E485822B0AF16007A591C /* LaunchScreen.storyboard in Resources */,
				F44E486922B0DA6A007A591C /* Assets.xcassets in Resources */,
				F44E487922B10256007A591C /* Podfile in Resources */,
				F44E486422B0B209007A591C /* LoginViewController.xib in Resources */,
			);
			runOnlyForDeploymentPostprocessing = 0;
		};
/* End PBXResourcesBuildPhase section */

/* Begin PBXShellScriptBuildPhase section */
		25BF8602AF7CEA5437815EF7 /* [CP] Check Pods Manifest.lock */ = {
			isa = PBXShellScriptBuildPhase;
			buildActionMask = 2147483647;
			files = (
			);
			inputFileListPaths = (
			);
			inputPaths = (
				"${PODS_PODFILE_DIR_PATH}/Podfile.lock",
				"${PODS_ROOT}/Manifest.lock",
			);
			name = "[CP] Check Pods Manifest.lock";
			outputFileListPaths = (
			);
			outputPaths = (
				"$(DERIVED_FILE_DIR)/Pods-HelloGold-checkManifestLockResult.txt",
			);
			runOnlyForDeploymentPostprocessing = 0;
			shellPath = /bin/sh;
			shellScript = "diff \"${PODS_PODFILE_DIR_PATH}/Podfile.lock\" \"${PODS_ROOT}/Manifest.lock\" > /dev/null\nif [ $? != 0 ] ; then\n    # print error to STDERR\n    echo \"error: The sandbox is not in sync with the Podfile.lock. Run 'pod install' or update your CocoaPods installation.\" >&2\n    exit 1\nfi\n# This output is used by Xcode 'outputs' to avoid re-running this script phase.\necho \"SUCCESS\" > \"${SCRIPT_OUTPUT_FILE_0}\"\n";
			showEnvVarsInLog = 0;
		};
		452A1DD20978E065F8CA1EF0 /* [CP] Embed Pods Frameworks */ = {
			isa = PBXShellScriptBuildPhase;
			buildActionMask = 2147483647;
			files = (
			);
			inputFileListPaths = (
			);
			inputPaths = (
				"${PODS_ROOT}/Target Support Files/Pods-HelloGold/Pods-HelloGold-frameworks.sh",
				"${BUILT_PRODUCTS_DIR}/Alamofire/Alamofire.framework",
				"${BUILT_PRODUCTS_DIR}/AlamofireObjectMapper/AlamofireObjectMapper.framework",
				"${BUILT_PRODUCTS_DIR}/ObjectMapper/ObjectMapper.framework",
			);
			name = "[CP] Embed Pods Frameworks";
			outputFileListPaths = (
			);
			outputPaths = (
				"${TARGET_BUILD_DIR}/${FRAMEWORKS_FOLDER_PATH}/Alamofire.framework",
				"${TARGET_BUILD_DIR}/${FRAMEWORKS_FOLDER_PATH}/AlamofireObjectMapper.framework",
				"${TARGET_BUILD_DIR}/${FRAMEWORKS_FOLDER_PATH}/ObjectMapper.framework",
			);
			runOnlyForDeploymentPostprocessing = 0;
			shellPath = /bin/sh;
			shellScript = "\"${PODS_ROOT}/Target Support Files/Pods-HelloGold/Pods-HelloGold-frameworks.sh\"\n";
			showEnvVarsInLog = 0;
		};
/* End PBXShellScriptBuildPhase section */

/* Begin PBXSourcesBuildPhase section */
		F44E484622B0AF15007A591C /* Sources */ = {
			isa = PBXSourcesBuildPhase;
			buildActionMask = 2147483647;
			files = (
				F44E486722B0CBFE007A591C /* HGValidationMessageLabel.swift in Sources */,
				F44E486322B0B209007A591C /* LoginViewController.swift in Sources */,
				F44E487222B0E6CE007A591C /* HGErrorMessage.swift in Sources */,
				F44E487622B0E849007A591C /* HGValidator.swift in Sources */,
				F44E486D22B0DBB9007A591C /* HGLoginTextField.swift in Sources */,
				F44E484E22B0AF15007A591C /* AppDelegate.swift in Sources */,
			);
			runOnlyForDeploymentPostprocessing = 0;
		};
/* End PBXSourcesBuildPhase section */

/* Begin PBXVariantGroup section */
		F44E485622B0AF16007A591C /* LaunchScreen.storyboard */ = {
			isa = PBXVariantGroup;
			children = (
				F44E485722B0AF16007A591C /* Base */,
			);
			name = LaunchScreen.storyboard;
			sourceTree = "<group>";
		};
/* End PBXVariantGroup section */

/* Begin XCBuildConfiguration section */
		F44E485A22B0AF16007A591C /* Debug */ = {
			isa = XCBuildConfiguration;
			buildSettings = {
				ALWAYS_SEARCH_USER_PATHS = NO;
				CLANG_ANALYZER_NONNULL = YES;
				CLANG_ANALYZER_NUMBER_OBJECT_CONVERSION = YES_AGGRESSIVE;
				CLANG_CXX_LANGUAGE_STANDARD = "gnu++14";
				CLANG_CXX_LIBRARY = "libc++";
				CLANG_ENABLE_MODULES = YES;
				CLANG_ENABLE_OBJC_ARC = YES;
				CLANG_ENABLE_OBJC_WEAK = YES;
				CLANG_WARN_BLOCK_CAPTURE_AUTORELEASING = YES;
				CLANG_WARN_BOOL_CONVERSION = YES;
				CLANG_WARN_COMMA = YES;
				CLANG_WARN_CONSTANT_CONVERSION = YES;
				CLANG_WARN_DEPRECATED_OBJC_IMPLEMENTATIONS = YES;
				CLANG_WARN_DIRECT_OBJC_ISA_USAGE = YES_ERROR;
				CLANG_WARN_DOCUMENTATION_COMMENTS = YES;
				CLANG_WARN_EMPTY_BODY = YES;
				CLANG_WARN_ENUM_CONVERSION = YES;
				CLANG_WARN_INFINITE_RECURSION = YES;
				CLANG_WARN_INT_CONVERSION = YES;
				CLANG_WARN_NON_LITERAL_NULL_CONVERSION = YES;
				CLANG_WARN_OBJC_IMPLICIT_RETAIN_SELF = YES;
				CLANG_WARN_OBJC_LITERAL_CONVERSION = YES;
				CLANG_WARN_OBJC_ROOT_CLASS = YES_ERROR;
				CLANG_WARN_RANGE_LOOP_ANALYSIS = YES;
				CLANG_WARN_STRICT_PROTOTYPES = YES;
				CLANG_WARN_SUSPICIOUS_MOVE = YES;
				CLANG_WARN_UNGUARDED_AVAILABILITY = YES_AGGRESSIVE;
				CLANG_WARN_UNREACHABLE_CODE = YES;
				CLANG_WARN__DUPLICATE_METHOD_MATCH = YES;
				CODE_SIGN_IDENTITY = "iPhone Developer";
				COPY_PHASE_STRIP = NO;
				DEBUG_INFORMATION_FORMAT = dwarf;
				ENABLE_STRICT_OBJC_MSGSEND = YES;
				ENABLE_TESTABILITY = YES;
				GCC_C_LANGUAGE_STANDARD = gnu11;
				GCC_DYNAMIC_NO_PIC = NO;
				GCC_NO_COMMON_BLOCKS = YES;
				GCC_OPTIMIZATION_LEVEL = 0;
				GCC_PREPROCESSOR_DEFINITIONS = (
					"DEBUG=1",
					"$(inherited)",
				);
				GCC_WARN_64_TO_32_BIT_CONVERSION = YES;
				GCC_WARN_ABOUT_RETURN_TYPE = YES_ERROR;
				GCC_WARN_UNDECLARED_SELECTOR = YES;
				GCC_WARN_UNINITIALIZED_AUTOS = YES_AGGRESSIVE;
				GCC_WARN_UNUSED_FUNCTION = YES;
				GCC_WARN_UNUSED_VARIABLE = YES;
				IPHONEOS_DEPLOYMENT_TARGET = 12.2;
				MTL_ENABLE_DEBUG_INFO = INCLUDE_SOURCE;
				MTL_FAST_MATH = YES;
				ONLY_ACTIVE_ARCH = YES;
				SDKROOT = iphoneos;
				SWIFT_ACTIVE_COMPILATION_CONDITIONS = DEBUG;
				SWIFT_OPTIMIZATION_LEVEL = "-Onone";
			};
			name = Debug;
		};
		F44E485B22B0AF16007A591C /* Release */ = {
			isa = XCBuildConfiguration;
			buildSettings = {
				ALWAYS_SEARCH_USER_PATHS = NO;
				CLANG_ANALYZER_NONNULL = YES;
				CLANG_ANALYZER_NUMBER_OBJECT_CONVERSION = YES_AGGRESSIVE;
				CLANG_CXX_LANGUAGE_STANDARD = "gnu++14";
				CLANG_CXX_LIBRARY = "libc++";
				CLANG_ENABLE_MODULES = YES;
				CLANG_ENABLE_OBJC_ARC = YES;
				CLANG_ENABLE_OBJC_WEAK = YES;
				CLANG_WARN_BLOCK_CAPTURE_AUTORELEASING = YES;
				CLANG_WARN_BOOL_CONVERSION = YES;
				CLANG_WARN_COMMA = YES;
				CLANG_WARN_CONSTANT_CONVERSION = YES;
				CLANG_WARN_DEPRECATED_OBJC_IMPLEMENTATIONS = YES;
				CLANG_WARN_DIRECT_OBJC_ISA_USAGE = YES_ERROR;
				CLANG_WARN_DOCUMENTATION_COMMENTS = YES;
				CLANG_WARN_EMPTY_BODY = YES;
				CLANG_WARN_ENUM_CONVERSION = YES;
				CLANG_WARN_INFINITE_RECURSION = YES;
				CLANG_WARN_INT_CONVERSION = YES;
				CLANG_WARN_NON_LITERAL_NULL_CONVERSION = YES;
				CLANG_WARN_OBJC_IMPLICIT_RETAIN_SELF = YES;
				CLANG_WARN_OBJC_LITERAL_CONVERSION = YES;
				CLANG_WARN_OBJC_ROOT_CLASS = YES_ERROR;
				CLANG_WARN_RANGE_LOOP_ANALYSIS = YES;
				CLANG_WARN_STRICT_PROTOTYPES = YES;
				CLANG_WARN_SUSPICIOUS_MOVE = YES;
				CLANG_WARN_UNGUARDED_AVAILABILITY = YES_AGGRESSIVE;
				CLANG_WARN_UNREACHABLE_CODE = YES;
				CLANG_WARN__DUPLICATE_METHOD_MATCH = YES;
				CODE_SIGN_IDENTITY = "iPhone Developer";
				COPY_PHASE_STRIP = NO;
				DEBUG_INFORMATION_FORMAT = "dwarf-with-dsym";
				ENABLE_NS_ASSERTIONS = NO;
				ENABLE_STRICT_OBJC_MSGSEND = YES;
				GCC_C_LANGUAGE_STANDARD = gnu11;
				GCC_NO_COMMON_BLOCKS = YES;
				GCC_WARN_64_TO_32_BIT_CONVERSION = YES;
				GCC_WARN_ABOUT_RETURN_TYPE = YES_ERROR;
				GCC_WARN_UNDECLARED_SELECTOR = YES;
				GCC_WARN_UNINITIALIZED_AUTOS = YES_AGGRESSIVE;
				GCC_WARN_UNUSED_FUNCTION = YES;
				GCC_WARN_UNUSED_VARIABLE = YES;
				IPHONEOS_DEPLOYMENT_TARGET = 12.2;
				MTL_ENABLE_DEBUG_INFO = NO;
				MTL_FAST_MATH = YES;
				SDKROOT = iphoneos;
				SWIFT_COMPILATION_MODE = wholemodule;
				SWIFT_OPTIMIZATION_LEVEL = "-O";
				VALIDATE_PRODUCT = YES;
			};
			name = Release;
		};
		F44E485D22B0AF16007A591C /* Debug */ = {
			isa = XCBuildConfiguration;
			baseConfigurationReference = 35454777DDA64500E6257F79 /* Pods-HelloGold.debug.xcconfig */;
			buildSettings = {
				ASSETCATALOG_COMPILER_APPICON_NAME = AppIcon;
				CODE_SIGN_STYLE = Automatic;
				INFOPLIST_FILE = HelloGold/Info.plist;
				LD_RUNPATH_SEARCH_PATHS = (
					"$(inherited)",
					"@executable_path/Frameworks",
				);
				PRODUCT_BUNDLE_IDENTIFIER = com.hellogold.HelloGold;
				PRODUCT_NAME = "$(TARGET_NAME)";
				SWIFT_VERSION = 5.0;
				TARGETED_DEVICE_FAMILY = 1;
			};
			name = Debug;
		};
		F44E485E22B0AF16007A591C /* Release */ = {
			isa = XCBuildConfiguration;
			baseConfigurationReference = ECBE0E76181F860A31A4741F /* Pods-HelloGold.release.xcconfig */;
			buildSettings = {
				ASSETCATALOG_COMPILER_APPICON_NAME = AppIcon;
				CODE_SIGN_STYLE = Automatic;
				INFOPLIST_FILE = HelloGold/Info.plist;
				LD_RUNPATH_SEARCH_PATHS = (
					"$(inherited)",
					"@executable_path/Frameworks",
				);
				PRODUCT_BUNDLE_IDENTIFIER = com.hellogold.HelloGold;
				PRODUCT_NAME = "$(TARGET_NAME)";
				SWIFT_VERSION = 5.0;
				TARGETED_DEVICE_FAMILY = 1;
			};
			name = Release;
		};
/* End XCBuildConfiguration section */

/* Begin XCConfigurationList section */
		F44E484522B0AF15007A591C /* Build configuration list for PBXProject "HelloGold" */ = {
			isa = XCConfigurationList;
			buildConfigurations = (
				F44E485A22B0AF16007A591C /* Debug */,
				F44E485B22B0AF16007A591C /* Release */,
			);
			defaultConfigurationIsVisible = 0;
			defaultConfigurationName = Release;
		};
		F44E485C22B0AF16007A591C /* Build configuration list for PBXNativeTarget "HelloGold" */ = {
			isa = XCConfigurationList;
			buildConfigurations = (
				F44E485D22B0AF16007A591C /* Debug */,
				F44E485E22B0AF16007A591C /* Release */,
			);
			defaultConfigurationIsVisible = 0;
			defaultConfigurationName = Release;
		};
/* End XCConfigurationList section */
	};
	rootObject = F44E484222B0AF15007A591C /* Project object */;
}
